
Microsoft Visual Studio Solution File, Format Version 12.00
# Visual Studio Version 17
VisualStudioVersion = 17.8.34511.84
MinimumVisualStudioVersion = 10.0.40219.1
Project("{FAE04EC0-301F-11D3-BF4B-00C04F79EFBC}") = "lab5", "lab5\lab5.csproj", "{F051F71F-35D3-40E9-A2DB-097261A2028A}"
EndProject
Global
	GlobalSection(SolutionConfigurationPlatforms) = preSolution
		Debug|Any CPU = Debug|Any CPU
		Release|Any CPU = Release|Any CPU
	EndGlobalSection
	GlobalSection(ProjectConfigurationPlatforms) = postSolution
		{F051F71F-35D3-40E9-A2DB-097261A2028A}.Debug|Any CPU.ActiveCfg = Debug|Any CPU
		{F051F71F-35D3-40E9-A2DB-097261A2028A}.Debug|Any CPU.Build.0 = Debug|Any CPU
		{F051F71F-35D3-40E9-A2DB-097261A2028A}.Release|Any CPU.ActiveCfg = Release|Any CPU
		{F051F71F-35D3-40E9-A2DB-097261A2028A}.Release|Any CPU.Build.0 = Release|Any CPU
	EndGlobalSection
	GlobalSection(SolutionProperties) = preSolution
		HideSolutionNode = FALSE
	EndGlobalSection
	GlobalSection(ExtensibilityGlobals) = postSolution
		SolutionGuid = {2269B092-5E48-4E06-83AB-54004AA526D1}
	EndGlobalSection
EndGlobal
